
Microsoft Visual Studio Solution File, Format Version 12.00
# Visual Studio Version 16
VisualStudioVersion = 16.0.31624.102
MinimumVisualStudioVersion = 10.0.40219.1
Project("{FAE04EC0-301F-11D3-BF4B-00C04F79EFBC}") = "BuilderMVC", "BuilderMVC\BuilderMVC.csproj", "{DC57712D-5B06-4620-B7DC-3F665EA32FAE}"
EndProject
Global
	GlobalSection(SolutionConfigurationPlatforms) = preSolution
		Debug|Any CPU = Debug|Any CPU
		Release|Any CPU = Release|Any CPU
	EndGlobalSection
	GlobalSection(ProjectConfigurationPlatforms) = postSolution
		{DC57712D-5B06-4620-B7DC-3F665EA32FAE}.Debug|Any CPU.ActiveCfg = Debug|Any CPU
		{DC57712D-5B06-4620-B7DC-3F665EA32FAE}.Debug|Any CPU.Build.0 = Debug|Any CPU
		{DC57712D-5B06-4620-B7DC-3F665EA32FAE}.Release|Any CPU.ActiveCfg = Release|Any CPU
		{DC57712D-5B06-4620-B7DC-3F665EA32FAE}.Release|Any CPU.Build.0 = Release|Any CPU
	EndGlobalSection
	GlobalSection(SolutionProperties) = preSolution
		HideSolutionNode = FALSE
	EndGlobalSection
	GlobalSection(ExtensibilityGlobals) = postSolution
		SolutionGuid = {BBAA4965-F8FB-40B0-AB12-C13D32A85B85}
	EndGlobalSection
EndGlobal
